// !$*UTF8*$!
{
	archiveVersion = 1;
	classes = {
	};
	objectVersion = 46;
	objects = {

/* Begin PBXBuildFile section */
		029B15131C16ACCD002CC242 /* main.m in Sources */ = {isa = PBXBuildFile; fileRef = 029B15121C16ACCD002CC242 /* main.m */; };
		029B15161C16ACCD002CC242 /* AppDelegate.m in Sources */ = {isa = PBXBuildFile; fileRef = 029B15151C16ACCD002CC242 /* AppDelegate.m */; };
		029B15191C16ACCD002CC242 /* ViewController.m in Sources */ = {isa = PBXBuildFile; fileRef = 029B15181C16ACCD002CC242 /* ViewController.m */; };
		029B151C1C16ACCD002CC242 /* Main.storyboard in Resources */ = {isa = PBXBuildFile; fileRef = 029B151A1C16ACCD002CC242 /* Main.storyboard */; };
		029B151E1C16ACCD002CC242 /* Images.xcassets in Resources */ = {isa = PBXBuildFile; fileRef = 029B151D1C16ACCD002CC242 /* Images.xcassets */; };
		029B15211C16ACCD002CC242 /* LaunchScreen.xib in Resources */ = {isa = PBXBuildFile; fileRef = 029B151F1C16ACCD002CC242 /* LaunchScreen.xib */; };
		029B152D1C16ACCD002CC242 /* myprojectTests.m in Sources */ = {isa = PBXBuildFile; fileRef = 029B152C1C16ACCD002CC242 /* myprojectTests.m */; };
		029B15381C16AF95002CC242 /* newViewController.m in Sources */ = {isa = PBXBuildFile; fileRef = 029B15371C16AF95002CC242 /* newViewController.m */; };
/* End PBXBuildFile section */

/* Begin PBXContainerItemProxy section */
		029B15271C16ACCD002CC242 /* PBXContainerItemProxy */ = {
			isa = PBXContainerItemProxy;
			containerPortal = 029B15051C16ACCD002CC242 /* Project object */;
			proxyType = 1;
			remoteGlobalIDString = 029B150C1C16ACCD002CC242;
			remoteInfo = myproject;
		};
/* End PBXContainerItemProxy section */

/* Begin PBXFileReference section */
		029B150D1C16ACCD002CC242 /* myproject.app */ = {isa = PBXFileReference; explicitFileType = wrapper.application; includeInIndex = 0; path = myproject.app; sourceTree = BUILT_PRODUCTS_DIR; };
		029B15111C16ACCD002CC242 /* Info.plist */ = {isa = PBXFileReference; lastKnownFileType = text.plist.xml; path = Info.plist; sourceTree = "<group>"; };
		029B15121C16ACCD002CC242 /* main.m */ = {isa = PBXFileReference; lastKnownFileType = sourcecode.c.objc; path = main.m; sourceTree = "<group>"; };
		029B15141C16ACCD002CC242 /* AppDelegate.h */ = {isa = PBXFileReference; lastKnownFileType = sourcecode.c.h; path = AppDelegate.h; sourceTree = "<group>"; };
		029B15151C16ACCD002CC242 /* AppDelegate.m */ = {isa = PBXFileReference; lastKnownFileType = sourcecode.c.objc; path = AppDelegate.m; sourceTree = "<group>"; };
		029B15171C16ACCD002CC242 /* ViewController.h */ = {isa = PBXFileReference; lastKnownFileType = sourcecode.c.h; path = ViewController.h; sourceTree = "<group>"; };
		029B15181C16ACCD002CC242 /* ViewController.m */ = {isa = PBXFileReference; lastKnownFileType = sourcecode.c.objc; path = ViewController.m; sourceTree = "<group>"; };
		029B151B1C16ACCD002CC242 /* Base */ = {isa = PBXFileReference; lastKnownFileType = file.storyboard; name = Base; path = Base.lproj/Main.storyboard; sourceTree = "<group>"; };
		029B151D1C16ACCD002CC242 /* Images.xcassets */ = {isa = PBXFileReference; lastKnownFileType = folder.assetcatalog; path = Images.xcassets; sourceTree = "<group>"; };
		029B15201C16ACCD002CC242 /* Base */ = {isa = PBXFileReference; lastKnownFileType = file.xib; name = Base; path = Base.lproj/LaunchScreen.xib; sourceTree = "<group>"; };
		029B15261C16ACCD002CC242 /* myprojectTests.xctest */ = {isa = PBXFileReference; explicitFileType = wrapper.cfbundle; includeInIndex = 0; path = myprojectTests.xctest; sourceTree = BUILT_PRODUCTS_DIR; };
		029B152B1C16ACCD002CC242 /* Info.plist */ = {isa = PBXFileReference; lastKnownFileType = text.plist.xml; path = Info.plist; sourceTree = "<group>"; };
		029B152C1C16ACCD002CC242 /* myprojectTests.m */ = {isa = PBXFileReference; lastKnownFileType = sourcecode.c.objc; path = myprojectTests.m; sourceTree = "<group>"; };
		029B15361C16AF95002CC242 /* newViewController.h */ = {isa = PBXFileReference; fileEncoding = 4; lastKnownFileType = sourcecode.c.h; path = newViewController.h; sourceTree = "<group>"; };
		029B15371C16AF95002CC242 /* newViewController.m */ = {isa = PBXFileReference; fileEncoding = 4; lastKnownFileType = sourcecode.c.objc; path = newViewController.m; sourceTree = "<group>"; };
/* End PBXFileReference section */

/* Begin PBXFrameworksBuildPhase section */
		029B150A1C16ACCD002CC242 /* Frameworks */ = {
			isa = PBXFrameworksBuildPhase;
			buildActionMask = 2147483647;
			files = (
			);
			runOnlyForDeploymentPostprocessing = 0;
		};
		029B15231C16ACCD002CC242 /* Frameworks */ = {
			isa = PBXFrameworksBuildPhase;
			buildActionMask = 2147483647;
			files = (
			);
			runOnlyForDeploymentPostprocessing = 0;
		};
/* End PBXFrameworksBuildPhase section */

/* Begin PBXGroup section */
		029B15041C16ACCD002CC242 = {
			isa = PBXGroup;
			children = (
				029B150F1C16ACCD002CC242 /* myproject */,
				029B15291C16ACCD002CC242 /* myprojectTests */,
				029B150E1C16ACCD002CC242 /* Products */,
			);
			sourceTree = "<group>";
		};
		029B150E1C16ACCD002CC242 /* Products */ = {
			isa = PBXGroup;
			children = (
				029B150D1C16ACCD002CC242 /* myproject.app */,
				029B15261C16ACCD002CC242 /* myprojectTests.xctest */,
			);
			name = Products;
			sourceTree = "<group>";
		};
		029B150F1C16ACCD002CC242 /* myproject */ = {
			isa = PBXGroup;
			children = (
				029B15141C16ACCD002CC242 /* AppDelegate.h */,
				029B15151C16ACCD002CC242 /* AppDelegate.m */,
				029B15171C16ACCD002CC242 /* ViewController.h */,
				029B15181C16ACCD002CC242 /* ViewController.m */,
				029B151A1C16ACCD002CC242 /* Main.storyboard */,
				029B151D1C16ACCD002CC242 /* Images.xcassets */,
				029B151F1C16ACCD002CC242 /* LaunchScreen.xib */,
				029B15101C16ACCD002CC242 /* Supporting Files */,
				029B15361C16AF95002CC242 /* newViewController.h */,
				029B15371C16AF95002CC242 /* newViewController.m */,
			);
			path = myproject;
			sourceTree = "<group>";
		};
		029B15101C16ACCD002CC242 /* Supporting Files */ = {
			isa = PBXGroup;
			children = (
				029B15111C16ACCD002CC242 /* Info.plist */,
				029B15121C16ACCD002CC242 /* main.m */,
			);
			name = "Supporting Files";
			sourceTree = "<group>";
		};
		029B15291C16ACCD002CC242 /* myprojectTests */ = {
			isa = PBXGroup;
			children = (
				029B152C1C16ACCD002CC242 /* myprojectTests.m */,
				029B152A1C16ACCD002CC242 /* Supporting Files */,
			);
			path = myprojectTests;
			sourceTree = "<group>";
		};
		029B152A1C16ACCD002CC242 /* Supporting Files */ = {
			isa = PBXGroup;
			children = (
				029B152B1C16ACCD002CC242 /* Info.plist */,
			);
			name = "Supporting Files";
			sourceTree = "<group>";
		};
/* End PBXGroup section */

/* Begin PBXNativeTarget section */
		029B150C1C16ACCD002CC242 /* myproject */ = {
			isa = PBXNativeTarget;
			buildConfigurationList = 029B15301C16ACCD002CC242 /* Build configuration list for PBXNativeTarget "myproject" */;
			buildPhases = (
				029B15091C16ACCD002CC242 /* Sources */,
				029B150A1C16ACCD002CC242 /* Frameworks */,
				029B150B1C16ACCD002CC242 /* Resources */,
			);
			buildRules = (
			);
			dependencies = (
			);
			name = myproject;
			productName = myproject;
			productReference = 029B150D1C16ACCD002CC242 /* myproject.app */;
			productType = "com.apple.product-type.application";
		};
		029B15251C16ACCD002CC242 /* myprojectTests */ = {
			isa = PBXNativeTarget;
			buildConfigurationList = 029B15331C16ACCD002CC242 /* Build configuration list for PBXNativeTarget "myprojectTests" */;
			buildPhases = (
				029B15221C16ACCD002CC242 /* Sources */,
				029B15231C16ACCD002CC242 /* Frameworks */,
				029B15241C16ACCD002CC242 /* Resources */,
			);
			buildRules = (
			);
			dependencies = (
				029B15281C16ACCD002CC242 /* PBXTargetDependency */,
			);
			name = myprojectTests;
			productName = myprojectTests;
			productReference = 029B15261C16ACCD002CC242 /* myprojectTests.xctest */;
			productType = "com.apple.product-type.bundle.unit-test";
		};
/* End PBXNativeTarget section */

/* Begin PBXProject section */
		029B15051C16ACCD002CC242 /* Project object */ = {
			isa = PBXProject;
			attributes = {
				LastUpgradeCheck = 0640;
				ORGANIZATIONNAME = zkingsoft;
				TargetAttributes = {
					029B150C1C16ACCD002CC242 = {
						CreatedOnToolsVersion = 6.4;
					};
					029B15251C16ACCD002CC242 = {
						CreatedOnToolsVersion = 6.4;
						TestTargetID = 029B150C1C16ACCD002CC242;
					};
				};
			};
			buildConfigurationList = 029B15081C16ACCD002CC242 /* Build configuration list for PBXProject "myproject" */;
			compatibilityVersion = "Xcode 3.2";
			developmentRegion = English;
			hasScannedForEncodings = 0;
			knownRegions = (
				en,
				Base,
			);
			mainGroup = 029B15041C16ACCD002CC242;
			productRefGroup = 029B150E1C16ACCD002CC242 /* Products */;
			projectDirPath = "";
			projectRoot = "";
			targets = (
				029B150C1C16ACCD002CC242 /* myproject */,
				029B15251C16ACCD002CC242 /* myprojectTests */,
			);
		};
/* End PBXProject section */

/* Begin PBXResourcesBuildPhase section */
		029B150B1C16ACCD002CC242 /* Resources */ = {
			isa = PBXResourcesBuildPhase;
			buildActionMask = 2147483647;
			files = (
				029B151C1C16ACCD002CC242 /* Main.storyboard in Resources */,
				029B15211C16ACCD002CC242 /* LaunchScreen.xib in Resources */,
				029B151E1C16ACCD002CC242 /* Images.xcassets in Resources */,
			);
			runOnlyForDeploymentPostprocessing = 0;
		};
		029B15241C16ACCD002CC242 /* Resources */ = {
			isa = PBXResourcesBuildPhase;
			buildActionMask = 2147483647;
			files = (
			);
			runOnlyForDeploymentPostprocessing = 0;
		};
/* End PBXResourcesBuildPhase section */

/* Begin PBXSourcesBuildPhase section */
		029B15091C16ACCD002CC242 /* Sources */ = {
			isa = PBXSourcesBuildPhase;
			buildActionMask = 2147483647;
			files = (
				029B15191C16ACCD002CC242 /* ViewController.m in Sources */,
				029B15161C16ACCD002CC242 /* AppDelegate.m in Sources */,
				029B15131C16ACCD002CC242 /* main.m in Sources */,
				029B15381C16AF95002CC242 /* newViewController.m in Sources */,
			);
			runOnlyForDeploymentPostprocessing = 0;
		};
		029B15221C16ACCD002CC242 /* Sources */ = {
			isa = PBXSourcesBuildPhase;
			buildActionMask = 2147483647;
			files = (
				029B152D1C16ACCD002CC242 /* myprojectTests.m in Sources */,
			);
			runOnlyForDeploymentPostprocessing = 0;
		};
/* End PBXSourcesBuildPhase section */

/* Begin PBXTargetDependency section */
		029B15281C16ACCD002CC242 /* PBXTargetDependency */ = {
			isa = PBXTargetDependency;
			target = 029B150C1C16ACCD002CC242 /* myproject */;
			targetProxy = 029B15271C16ACCD002CC242 /* PBXContainerItemProxy */;
		};
/* End PBXTargetDependency section */

/* Begin PBXVariantGroup section */
		029B151A1C16ACCD002CC242 /* Main.storyboard */ = {
			isa = PBXVariantGroup;
			children = (
				029B151B1C16ACCD002CC242 /* Base */,
			);
			name = Main.storyboard;
			sourceTree = "<group>";
		};
		029B151F1C16ACCD002CC242 /* LaunchScreen.xib */ = {
			isa = PBXVariantGroup;
			children = (
				029B15201C16ACCD002CC242 /* Base */,
			);
			name = LaunchScreen.xib;
			sourceTree = "<group>";
		};
/* End PBXVariantGroup section */

/* Begin XCBuildConfiguration section */
		029B152E1C16ACCD002CC242 /* Debug */ = {
			isa = XCBuildConfiguration;
			buildSettings = {
				ALWAYS_SEARCH_USER_PATHS = NO;
				CLANG_CXX_LANGUAGE_STANDARD = "gnu++0x";
				CLANG_CXX_LIBRARY = "libc++";
				CLANG_ENABLE_MODULES = YES;
				CLANG_ENABLE_OBJC_ARC = YES;
				CLANG_WARN_BOOL_CONVERSION = YES;
				CLANG_WARN_CONSTANT_CONVERSION = YES;
				CLANG_WARN_DIRECT_OBJC_ISA_USAGE = YES_ERROR;
				CLANG_WARN_EMPTY_BODY = YES;
				CLANG_WARN_ENUM_CONVERSION = YES;
				CLANG_WARN_INT_CONVERSION = YES;
				CLANG_WARN_OBJC_ROOT_CLASS = YES_ERROR;
				CLANG_WARN_UNREACHABLE_CODE = YES;
				CLANG_WARN__DUPLICATE_METHOD_MATCH = YES;
				"CODE_SIGN_IDENTITY[sdk=iphoneos*]" = "iPhone Developer";
				COPY_PHASE_STRIP = NO;
				DEBUG_INFORMATION_FORMAT = "dwarf-with-dsym";
				ENABLE_STRICT_OBJC_MSGSEND = YES;
				GCC_C_LANGUAGE_STANDARD = gnu99;
				GCC_DYNAMIC_NO_PIC = NO;
				GCC_NO_COMMON_BLOCKS = YES;
				GCC_OPTIMIZATION_LEVEL = 0;
				GCC_PREPROCESSOR_DEFINITIONS = (
					"DEBUG=1",
					"$(inherited)",
				);
				GCC_SYMBOLS_PRIVATE_EXTERN = NO;
				GCC_WARN_64_TO_32_BIT_CONVERSION = YES;
				GCC_WARN_ABOUT_RETURN_TYPE = YES_ERROR;
				GCC_WARN_UNDECLARED_SELECTOR = YES;
				GCC_WARN_UNINITIALIZED_AUTOS = YES_AGGRESSIVE;
				GCC_WARN_UNUSED_FUNCTION = YES;
				GCC_WARN_UNUSED_VARIABLE = YES;
				IPHONEOS_DEPLOYMENT_TARGET = 8.4;
				MTL_ENABLE_DEBUG_INFO = YES;
				ONLY_ACTIVE_ARCH = YES;
				SDKROOT = iphoneos;
			};
			name = Debug;
		};
		029B152F1C16ACCD002CC242 /* Release */ = {
			isa = XCBuildConfiguration;
			buildSettings = {
				ALWAYS_SEARCH_USER_PATHS = NO;
				CLANG_CXX_LANGUAGE_STANDARD = "gnu++0x";
				CLANG_CXX_LIBRARY = "libc++";
				CLANG_ENABLE_MODULES = YES;
				CLANG_ENABLE_OBJC_ARC = YES;
				CLANG_WARN_BOOL_CONVERSION = YES;
				CLANG_WARN_CONSTANT_CONVERSION = YES;
				CLANG_WARN_DIRECT_OBJC_ISA_USAGE = YES_ERROR;
				CLANG_WARN_EMPTY_BODY = YES;
				CLANG_WARN_ENUM_CONVERSION = YES;
				CLANG_WARN_INT_CONVERSION = YES;
				CLANG_WARN_OBJC_ROOT_CLASS = YES_ERROR;
				CLANG_WARN_UNREACHABLE_CODE = YES;
				CLANG_WARN__DUPLICATE_METHOD_MATCH = YES;
				"CODE_SIGN_IDENTITY[sdk=iphoneos*]" = "iPhone Developer";
				COPY_PHASE_STRIP = NO;
				DEBUG_INFORMATION_FORMAT = "dwarf-with-dsym";
				ENABLE_NS_ASSERTIONS = NO;
				ENABLE_STRICT_OBJC_MSGSEND = YES;
				GCC_C_LANGUAGE_STANDARD = gnu99;
				GCC_NO_COMMON_BLOCKS = YES;
				GCC_WARN_64_TO_32_BIT_CONVERSION = YES;
				GCC_WARN_ABOUT_RETURN_TYPE = YES_ERROR;
				GCC_WARN_UNDECLARED_SELECTOR = YES;
				GCC_WARN_UNINITIALIZED_AUTOS = YES_AGGRESSIVE;
				GCC_WARN_UNUSED_FUNCTION = YES;
				GCC_WARN_UNUSED_VARIABLE = YES;
				IPHONEOS_DEPLOYMENT_TARGET = 8.4;
				MTL_ENABLE_DEBUG_INFO = NO;
				SDKROOT = iphoneos;
				VALIDATE_PRODUCT = YES;
			};
			name = Release;
		};
		029B15311C16ACCD002CC242 /* Debug */ = {
			isa = XCBuildConfiguration;
			buildSettings = {
				ASSETCATALOG_COMPILER_APPICON_NAME = AppIcon;
				INFOPLIST_FILE = myproject/Info.plist;
				LD_RUNPATH_SEARCH_PATHS = "$(inherited) @executable_path/Frameworks";
				PRODUCT_NAME = "$(TARGET_NAME)";
			};
			name = Debug;
		};
		029B15321C16ACCD002CC242 /* Release */ = {
			isa = XCBuildConfiguration;
			buildSettings = {
				ASSETCATALOG_COMPILER_APPICON_NAME = AppIcon;
				INFOPLIST_FILE = myproject/Info.plist;
				LD_RUNPATH_SEARCH_PATHS = "$(inherited) @executable_path/Frameworks";
				PRODUCT_NAME = "$(TARGET_NAME)";
			};
			name = Release;
		};
		029B15341C16ACCD002CC242 /* Debug */ = {
			isa = XCBuildConfiguration;
			buildSettings = {
				BUNDLE_LOADER = "$(TEST_HOST)";
				FRAMEWORK_SEARCH_PATHS = (
					"$(SDKROOT)/Developer/Library/Frameworks",
					"$(inherited)",
				);
				GCC_PREPROCESSOR_DEFINITIONS = (
					"DEBUG=1",
					"$(inherited)",
				);
				INFOPLIST_FILE = myprojectTests/Info.plist;
				LD_RUNPATH_SEARCH_PATHS = "$(inherited) @executable_path/Frameworks @loader_path/Frameworks";
				PRODUCT_NAME = "$(TARGET_NAME)";
				TEST_HOST = "$(BUILT_PRODUCTS_DIR)/myproject.app/myproject";
			};
			name = Debug;
		};
		029B15351C16ACCD002CC242 /* Release */ = {
			isa = XCBuildConfiguration;
			buildSettings = {
				BUNDLE_LOADER = "$(TEST_HOST)";
				FRAMEWORK_SEARCH_PATHS = (
					"$(SDKROOT)/Developer/Library/Frameworks",
					"$(inherited)",
				);
				INFOPLIST_FILE = myprojectTests/Info.plist;
				LD_RUNPATH_SEARCH_PATHS = "$(inherited) @executable_path/Frameworks @loader_path/Frameworks";
				PRODUCT_NAME = "$(TARGET_NAME)";
				TEST_HOST = "$(BUILT_PRODUCTS_DIR)/myproject.app/myproject";
			};
			name = Release;
		};
/* End XCBuildConfiguration section */

/* Begin XCConfigurationList section */
		029B15081C16ACCD002CC242 /* Build configuration list for PBXProject "myproject" */ = {
			isa = XCConfigurationList;
			buildConfigurations = (
				029B152E1C16ACCD002CC242 /* Debug */,
				029B152F1C16ACCD002CC242 /* Release */,
			);
			defaultConfigurationIsVisible = 0;
			defaultConfigurationName = Release;
		};
		029B15301C16ACCD002CC242 /* Build configuration list for PBXNativeTarget "myproject" */ = {
			isa = XCConfigurationList;
			buildConfigurations = (
				029B15311C16ACCD002CC242 /* Debug */,
				029B15321C16ACCD002CC242 /* Release */,
			);
			defaultConfigurationIsVisible = 0;
			defaultConfigurationName = Release;
		};
		029B15331C16ACCD002CC242 /* Build configuration list for PBXNativeTarget "myprojectTests" */ = {
			isa = XCConfigurationList;
			buildConfigurations = (
				029B15341C16ACCD002CC242 /* Debug */,
				029B15351C16ACCD002CC242 /* Release */,
			);
			defaultConfigurationIsVisible = 0;
			defaultConfigurationName = Release;
		};
/* End XCConfigurationList section */
	};
	rootObject = 029B15051C16ACCD002CC242 /* Project object */;
}
